{
  "projects": [
    {
      "projectId": "seaQhLVS4bbjiGvJJrRwyL",
      "version": "15.0.3",
      "dependencies": {},
      "lang": "ts",
      "fileLocks": [
        {
          "assetId": "seaQhLVS4bbjiGvJJrRwyL",
          "type": "projectCss",
          "checksum": "dc88471beadb978e51eb3ceb75d10fdb"
        }
      ]
    },
    {
      "projectId": "wJYXKgZnx7Dii2wBUWWZqb",
      "version": "latest",
      "dependencies": {
        "seaQhLVS4bbjiGvJJrRwyL": "15.0.3"
      },
      "lang": "ts",
      "fileLocks": [
        {
          "type": "globalVariant",
          "assetId": "yWp7-4FoVwA9fa",
          "checksum": "6350a7044b9c4705fc06967d1e229114"
        },
        {
          "assetId": "wJYXKgZnx7Dii2wBUWWZqb",
          "type": "projectCss",
          "checksum": "72415b5b08d60057dc6d6f9c59ce2eb9"
        },
        {
          "type": "renderModule",
          "assetId": "nigxsCVfBgcvn",
          "checksum": "b72e96c57ac1c512656fa91cd0b6aeb3"
        },
        {
          "type": "cssRules",
          "assetId": "nigxsCVfBgcvn",
          "checksum": "b72e96c57ac1c512656fa91cd0b6aeb3"
        },
        {
          "type": "renderModule",
          "assetId": "g0_j62_BPJp6v",
          "checksum": "133bfb28ad68c7d4aefa0e9ac4f7edb4"
        },
        {
          "type": "cssRules",
          "assetId": "g0_j62_BPJp6v",
          "checksum": "133bfb28ad68c7d4aefa0e9ac4f7edb4"
        },
        {
          "type": "renderModule",
          "assetId": "4Wkg2j6gx9N6n",
          "checksum": "4df2451c52cf3502b8afef52770ec2fd"
        },
        {
          "type": "cssRules",
          "assetId": "4Wkg2j6gx9N6n",
          "checksum": "4df2451c52cf3502b8afef52770ec2fd"
        },
        {
          "type": "renderModule",
          "assetId": "g0bBbzoQq3T-f",
          "checksum": "33a93f924ec2ef12f31438f5ff1de8b9"
        },
        {
          "type": "cssRules",
          "assetId": "g0bBbzoQq3T-f",
          "checksum": "33a93f924ec2ef12f31438f5ff1de8b9"
        },
        {
          "type": "renderModule",
          "assetId": "lyMAaKzWLdHvk",
          "checksum": "42b5ccda3db34d8965b084ac8aa379ab"
        },
        {
          "type": "cssRules",
          "assetId": "lyMAaKzWLdHvk",
          "checksum": "42b5ccda3db34d8965b084ac8aa379ab"
        },
        {
          "type": "renderModule",
          "assetId": "ZBva7mia3_PTQ",
          "checksum": "b9a60f46f2a57b9a48cf3ea2ef2ae4ac"
        },
        {
          "type": "cssRules",
          "assetId": "ZBva7mia3_PTQ",
          "checksum": "b9a60f46f2a57b9a48cf3ea2ef2ae4ac"
        },
        {
          "type": "renderModule",
          "assetId": "7FullgpCLZoOt",
          "checksum": "ec7128ef99be1442a15721342466879f"
        },
        {
          "type": "cssRules",
          "assetId": "7FullgpCLZoOt",
          "checksum": "ec7128ef99be1442a15721342466879f"
        },
        {
          "type": "renderModule",
          "assetId": "NWXrDr3P5GQp-",
          "checksum": "a975cba7641ca22a2017d8c1c43dafec"
        },
        {
          "type": "cssRules",
          "assetId": "NWXrDr3P5GQp-",
          "checksum": "a975cba7641ca22a2017d8c1c43dafec"
        },
        {
          "type": "renderModule",
          "assetId": "0LMnkmQ24vQZ6",
          "checksum": "a41b212f8b0545ce33fa09f74e45782f"
        },
        {
          "type": "cssRules",
          "assetId": "0LMnkmQ24vQZ6",
          "checksum": "a41b212f8b0545ce33fa09f74e45782f"
        },
        {
          "type": "renderModule",
          "assetId": "lo_ewcOwPQqZLS",
          "checksum": "f7ff9310b00743d2ccd537b77eeecb9c"
        },
        {
          "type": "cssRules",
          "assetId": "lo_ewcOwPQqZLS",
          "checksum": "f7ff9310b00743d2ccd537b77eeecb9c"
        },
        {
          "type": "renderModule",
          "assetId": "3rRJ2O6Jodr-H7",
          "checksum": "53397a10c333ca5baa6595d7f4ee15c2"
        },
        {
          "type": "cssRules",
          "assetId": "3rRJ2O6Jodr-H7",
          "checksum": "53397a10c333ca5baa6595d7f4ee15c2"
        },
        {
          "type": "renderModule",
          "assetId": "2Mo_pg8_qUNmSH",
          "checksum": "f829b2d376b0ff3b7855a5c8b0703b87"
        },
        {
          "type": "cssRules",
          "assetId": "2Mo_pg8_qUNmSH",
          "checksum": "f829b2d376b0ff3b7855a5c8b0703b87"
        },
        {
          "type": "renderModule",
          "assetId": "dyip7JiyJQ8CGH",
          "checksum": "bc0ac2876281d09524da0058d5b58bc7"
        },
        {
          "type": "cssRules",
          "assetId": "dyip7JiyJQ8CGH",
          "checksum": "bc0ac2876281d09524da0058d5b58bc7"
        },
        {
          "type": "renderModule",
          "assetId": "gPi92wCYn77RcN",
          "checksum": "9bbe7bb27c33ea9e819ef5f21c587c4f"
        },
        {
          "type": "cssRules",
          "assetId": "gPi92wCYn77RcN",
          "checksum": "9bbe7bb27c33ea9e819ef5f21c587c4f"
        },
        {
          "type": "renderModule",
          "assetId": "kFjiPgTQ08UYEF",
          "checksum": "3c1c6d9d679af9359463f116e12139e1"
        },
        {
          "type": "cssRules",
          "assetId": "kFjiPgTQ08UYEF",
          "checksum": "3c1c6d9d679af9359463f116e12139e1"
        },
        {
          "type": "renderModule",
          "assetId": "Y07cJb5HsPr_VF",
          "checksum": "ec7d8a5baade715d9e22730c97643c4f"
        },
        {
          "type": "cssRules",
          "assetId": "Y07cJb5HsPr_VF",
          "checksum": "ec7d8a5baade715d9e22730c97643c4f"
        },
        {
          "type": "renderModule",
          "assetId": "g0Sq3RmbZ_NPtI",
          "checksum": "0998fd88997494c861bc9e983607af34"
        },
        {
          "type": "cssRules",
          "assetId": "g0Sq3RmbZ_NPtI",
          "checksum": "0998fd88997494c861bc9e983607af34"
        },
        {
          "type": "icon",
          "assetId": "gtpnAxCsCFwld0",
          "checksum": "047801c9357be273cfa4c2bc86524a3a"
        },
        {
          "type": "icon",
          "assetId": "fOX83FNkxalr7X",
          "checksum": "4ad5fb836d23916e484c95b7f94c9937"
        },
        {
          "type": "icon",
          "assetId": "OGj5XDZQW08nXD",
          "checksum": "d257886adfe25717f3a731e497ff9756"
        },
        {
          "type": "icon",
          "assetId": "7CEuQwtyPuD0n1",
          "checksum": "b696271277d0e268a6ae9d3e10fd5006"
        },
        {
          "type": "icon",
          "assetId": "1nRl6CmxE-13MQ",
          "checksum": "bb3f4d74c7b297390519e6d50ff5d7fa"
        },
        {
          "type": "icon",
          "assetId": "h0E1FAV8UamBqk",
          "checksum": "9273a80e065e9093af8971b29bc963e2"
        },
        {
          "type": "icon",
          "assetId": "rUTXEpdqQsGgOC",
          "checksum": "a4ea334872b05b66c911ce1cea201baa"
        },
        {
          "type": "icon",
          "assetId": "vQ4h4UJjP05DmU",
          "checksum": "109a8cdafdb8813de124f7d865edd829"
        },
        {
          "type": "icon",
          "assetId": "NHjysA7uBJEQVY",
          "checksum": "4aa6d3a2b53916005e87eb634c74ecac"
        },
        {
          "type": "icon",
          "assetId": "Mh8z1aU2eFJMud",
          "checksum": "3168b9e96a5e26d1a0191f52951f0480"
        },
        {
          "type": "icon",
          "assetId": "yemfwfvV2T3Hry",
          "checksum": "7913d04ad2ff6550c271321155fdd24c"
        },
        {
          "type": "icon",
          "assetId": "FTkRdplXGTcyVX",
          "checksum": "0fbf6ecd486749dc973496aaec193177"
        },
        {
          "type": "icon",
          "assetId": "umxCRIA4uO1i32",
          "checksum": "8f1ca530218defa4116c11607c2f5311"
        },
        {
          "type": "icon",
          "assetId": "j6r7wHfMI2pn8y",
          "checksum": "24674c4055bde39f189e934f9b31b742"
        },
        {
          "type": "icon",
          "assetId": "KhFXjiw0GylYZ9",
          "checksum": "b57c9b8a5836e5f40153e676f8735ba4"
        },
        {
          "type": "icon",
          "assetId": "jwJCla7JJCHVh7",
          "checksum": "9755182c278db51a3f3b71d03f24f9ba"
        },
        {
          "type": "icon",
          "assetId": "TtU_iHJ1VPQZiq",
          "checksum": "76101a68f380b092a52caf6bd745de94"
        },
        {
          "type": "icon",
          "assetId": "RxGGil1_2DN1Q1",
          "checksum": "d8e171ecd4007ac54d82784153695a84"
        },
        {
          "type": "icon",
          "assetId": "0WgsFpNp-lU85O",
          "checksum": "4e27f66efd1a4013c49bcc3fe4c26c51"
        },
        {
          "type": "image",
          "assetId": "w7ni5KnUGle6VS",
          "checksum": "efd2e000c9bf667f0565c65ae33ce960"
        },
        {
          "type": "image",
          "assetId": "seEGkM0V0wuJLj",
          "checksum": "a39fee182f1a3970a2c6779e19b427e0"
        },
        {
          "type": "image",
          "assetId": "1J2bYBAlvZ35Cx",
          "checksum": "a0d4100809569d435d28313eedebadfb"
        },
        {
          "type": "image",
          "assetId": "45GFwmGoT3ER_c",
          "checksum": "1ae36622d085f0899bad0e80086754ee"
        }
      ]
    }
  ],
  "cliVersion": "0.1.143"
}
